
Microsoft Visual Studio Solution File, Format Version 12.00
# Visual Studio Version 16
VisualStudioVersion = 16.0.809.10
MinimumVisualStudioVersion = 10.0.40219.1
Project("{FAE04EC0-301F-11D3-BF4B-00C04F79EFBC}") = "ScrabbleScorer", "ScrabbleScorer\ScrabbleScorer.csproj", "{2208C414-B840-4B43-B6E9-049E23509B3D}"
EndProject
Project("{2150E333-8FDC-42A3-9474-1A3956D46DE8}") = "Solution Items", "Solution Items", "{0E9E16C7-405D-4FC4-9D1E-6C57D917EAC0}"
	ProjectSection(SolutionItems) = preProject
		BuildNotes.txt = BuildNotes.txt
		Starter-Code-Notes.txt = Starter-Code-Notes.txt
	EndProjectSection
EndProject
Global
	GlobalSection(SolutionConfigurationPlatforms) = preSolution
		Debug|Any CPU = Debug|Any CPU
		Release|Any CPU = Release|Any CPU
	EndGlobalSection
	GlobalSection(ProjectConfigurationPlatforms) = postSolution
		{2208C414-B840-4B43-B6E9-049E23509B3D}.Debug|Any CPU.ActiveCfg = Debug|Any CPU
		{2208C414-B840-4B43-B6E9-049E23509B3D}.Debug|Any CPU.Build.0 = Debug|Any CPU
		{2208C414-B840-4B43-B6E9-049E23509B3D}.Release|Any CPU.ActiveCfg = Release|Any CPU
		{2208C414-B840-4B43-B6E9-049E23509B3D}.Release|Any CPU.Build.0 = Release|Any CPU
	EndGlobalSection
	GlobalSection(SolutionProperties) = preSolution
		HideSolutionNode = FALSE
	EndGlobalSection
	GlobalSection(ExtensibilityGlobals) = postSolution
		SolutionGuid = {12FB9618-57A1-477C-9C80-EFDB3777CB92}
	EndGlobalSection
EndGlobal
